
Microsoft Visual Studio Solution File, Format Version 12.00
# Visual Studio Version 17
VisualStudioVersion = 17.8.34330.188
MinimumVisualStudioVersion = 10.0.40219.1
Project("{FAE04EC0-301F-11D3-BF4B-00C04F79EFBC}") = "WinFormGetAPI", "WinFormGetAPI.csproj", "{A9BAEEFB-F8CE-45E4-9FA7-781A7EC38664}"
EndProject
Global
	GlobalSection(SolutionConfigurationPlatforms) = preSolution
		Debug|Any CPU = Debug|Any CPU
		Release|Any CPU = Release|Any CPU
	EndGlobalSection
	GlobalSection(ProjectConfigurationPlatforms) = postSolution
		{A9BAEEFB-F8CE-45E4-9FA7-781A7EC38664}.Debug|Any CPU.ActiveCfg = Debug|Any CPU
		{A9BAEEFB-F8CE-45E4-9FA7-781A7EC38664}.Debug|Any CPU.Build.0 = Debug|Any CPU
		{A9BAEEFB-F8CE-45E4-9FA7-781A7EC38664}.Release|Any CPU.ActiveCfg = Release|Any CPU
		{A9BAEEFB-F8CE-45E4-9FA7-781A7EC38664}.Release|Any CPU.Build.0 = Release|Any CPU
	EndGlobalSection
	GlobalSection(SolutionProperties) = preSolution
		HideSolutionNode = FALSE
	EndGlobalSection
	GlobalSection(ExtensibilityGlobals) = postSolution
		SolutionGuid = {0D6E681C-2B44-4F85-87CC-24BD484672AF}
	EndGlobalSection
EndGlobal
